
Microsoft Visual Studio Solution File, Format Version 12.00
# Visual Studio 14
VisualStudioVersion = 14.0.25420.1
MinimumVisualStudioVersion = 10.0.40219.1
Project("{FAE04EC0-301F-11D3-BF4B-00C04F79EFBC}") = "SteamTrade", "SteamTrade\SteamTrade.csproj", "{BDA9A4A1-3B68-4F9E-BE97-E2C11263B14B}"
EndProject
Project("{FAE04EC0-301F-11D3-BF4B-00C04F79EFBC}") = "TreasureHunter.Service", "TreasureHunter.Service\TreasureHunter.Service.csproj", "{9CA83CFE-5702-4B97-BA53-98934AE3867A}"
EndProject
Project("{FAE04EC0-301F-11D3-BF4B-00C04F79EFBC}") = "TreasureHunter.Tests", "SteamTradeTests\TreasureHunter.Tests.csproj", "{6AA729F3-9779-470B-9613-0768E4FD2F51}"
EndProject
Project("{FAE04EC0-301F-11D3-BF4B-00C04F79EFBC}") = "TreasureHunter.ServiceHost", "TreasureHunter.ServiceHost\TreasureHunter.ServiceHost.csproj", "{C0970AC9-05CF-4CF7-B527-BAAD00277407}"
EndProject
Project("{FAE04EC0-301F-11D3-BF4B-00C04F79EFBC}") = "TreasureHunter.Common", "TreasureHunter.Common\TreasureHunter.Common.csproj", "{591CF921-3027-4114-B062-2DADF4538F24}"
EndProject
Project("{FAE04EC0-301F-11D3-BF4B-00C04F79EFBC}") = "TreasureHunter.Account", "TreasureHunter.Account\TreasureHunter.Account.csproj", "{540260B7-82B8-498E-B5E5-69ABE7A1BB1A}"
EndProject
Project("{FAE04EC0-301F-11D3-BF4B-00C04F79EFBC}") = "TreasureHunter.DataAccess", "TreasureHunter.DataAccess\TreasureHunter.DataAccess.csproj", "{61FEE5E9-E0C0-4893-957E-A7F5FE2492F5}"
EndProject
Global
	GlobalSection(SolutionConfigurationPlatforms) = preSolution
		Debug|Any CPU = Debug|Any CPU
		Debug|x64 = Debug|x64
		Release|Any CPU = Release|Any CPU
		Release|x64 = Release|x64
		Test|Any CPU = Test|Any CPU
		Test|x64 = Test|x64
	EndGlobalSection
	GlobalSection(ProjectConfigurationPlatforms) = postSolution
		{BDA9A4A1-3B68-4F9E-BE97-E2C11263B14B}.Debug|Any CPU.ActiveCfg = Debug|x64
		{BDA9A4A1-3B68-4F9E-BE97-E2C11263B14B}.Debug|x64.ActiveCfg = Debug|x64
		{BDA9A4A1-3B68-4F9E-BE97-E2C11263B14B}.Debug|x64.Build.0 = Debug|x64
		{BDA9A4A1-3B68-4F9E-BE97-E2C11263B14B}.Release|Any CPU.ActiveCfg = Release|x64
		{BDA9A4A1-3B68-4F9E-BE97-E2C11263B14B}.Release|x64.ActiveCfg = Release|x64
		{BDA9A4A1-3B68-4F9E-BE97-E2C11263B14B}.Release|x64.Build.0 = Release|x64
		{BDA9A4A1-3B68-4F9E-BE97-E2C11263B14B}.Test|Any CPU.ActiveCfg = Release|x64
		{BDA9A4A1-3B68-4F9E-BE97-E2C11263B14B}.Test|Any CPU.Build.0 = Release|x64
		{BDA9A4A1-3B68-4F9E-BE97-E2C11263B14B}.Test|x64.ActiveCfg = Release|x64
		{BDA9A4A1-3B68-4F9E-BE97-E2C11263B14B}.Test|x64.Build.0 = Release|x64
		{9CA83CFE-5702-4B97-BA53-98934AE3867A}.Debug|Any CPU.ActiveCfg = Debug|x64
		{9CA83CFE-5702-4B97-BA53-98934AE3867A}.Debug|x64.ActiveCfg = Debug|x64
		{9CA83CFE-5702-4B97-BA53-98934AE3867A}.Debug|x64.Build.0 = Debug|x64
		{9CA83CFE-5702-4B97-BA53-98934AE3867A}.Release|Any CPU.ActiveCfg = Release|x64
		{9CA83CFE-5702-4B97-BA53-98934AE3867A}.Release|x64.ActiveCfg = Release|x64
		{9CA83CFE-5702-4B97-BA53-98934AE3867A}.Release|x64.Build.0 = Release|x64
		{9CA83CFE-5702-4B97-BA53-98934AE3867A}.Test|Any CPU.ActiveCfg = Release|x64
		{9CA83CFE-5702-4B97-BA53-98934AE3867A}.Test|x64.ActiveCfg = Release|x64
		{9CA83CFE-5702-4B97-BA53-98934AE3867A}.Test|x64.Build.0 = Release|x64
		{6AA729F3-9779-470B-9613-0768E4FD2F51}.Debug|Any CPU.ActiveCfg = Debug|Any CPU
		{6AA729F3-9779-470B-9613-0768E4FD2F51}.Debug|Any CPU.Build.0 = Debug|Any CPU
		{6AA729F3-9779-470B-9613-0768E4FD2F51}.Debug|x64.ActiveCfg = Debug|x64
		{6AA729F3-9779-470B-9613-0768E4FD2F51}.Debug|x64.Build.0 = Debug|x64
		{6AA729F3-9779-470B-9613-0768E4FD2F51}.Release|Any CPU.ActiveCfg = Release|Any CPU
		{6AA729F3-9779-470B-9613-0768E4FD2F51}.Release|Any CPU.Build.0 = Release|Any CPU
		{6AA729F3-9779-470B-9613-0768E4FD2F51}.Release|x64.ActiveCfg = Release|Any CPU
		{6AA729F3-9779-470B-9613-0768E4FD2F51}.Release|x64.Build.0 = Release|Any CPU
		{6AA729F3-9779-470B-9613-0768E4FD2F51}.Test|Any CPU.ActiveCfg = Release|Any CPU
		{6AA729F3-9779-470B-9613-0768E4FD2F51}.Test|Any CPU.Build.0 = Release|Any CPU
		{6AA729F3-9779-470B-9613-0768E4FD2F51}.Test|x64.ActiveCfg = Release|Any CPU
		{6AA729F3-9779-470B-9613-0768E4FD2F51}.Test|x64.Build.0 = Release|Any CPU
		{C0970AC9-05CF-4CF7-B527-BAAD00277407}.Debug|Any CPU.ActiveCfg = Debug|Any CPU
		{C0970AC9-05CF-4CF7-B527-BAAD00277407}.Debug|Any CPU.Build.0 = Debug|Any CPU
		{C0970AC9-05CF-4CF7-B527-BAAD00277407}.Debug|x64.ActiveCfg = Debug|x64
		{C0970AC9-05CF-4CF7-B527-BAAD00277407}.Debug|x64.Build.0 = Debug|x64
		{C0970AC9-05CF-4CF7-B527-BAAD00277407}.Release|Any CPU.ActiveCfg = Release|Any CPU
		{C0970AC9-05CF-4CF7-B527-BAAD00277407}.Release|Any CPU.Build.0 = Release|Any CPU
		{C0970AC9-05CF-4CF7-B527-BAAD00277407}.Release|x64.ActiveCfg = Release|Any CPU
		{C0970AC9-05CF-4CF7-B527-BAAD00277407}.Release|x64.Build.0 = Release|Any CPU
		{C0970AC9-05CF-4CF7-B527-BAAD00277407}.Test|Any CPU.ActiveCfg = Release|Any CPU
		{C0970AC9-05CF-4CF7-B527-BAAD00277407}.Test|Any CPU.Build.0 = Release|Any CPU
		{C0970AC9-05CF-4CF7-B527-BAAD00277407}.Test|x64.ActiveCfg = Release|Any CPU
		{C0970AC9-05CF-4CF7-B527-BAAD00277407}.Test|x64.Build.0 = Release|Any CPU
		{591CF921-3027-4114-B062-2DADF4538F24}.Debug|Any CPU.ActiveCfg = Debug|Any CPU
		{591CF921-3027-4114-B062-2DADF4538F24}.Debug|Any CPU.Build.0 = Debug|Any CPU
		{591CF921-3027-4114-B062-2DADF4538F24}.Debug|x64.ActiveCfg = Debug|x64
		{591CF921-3027-4114-B062-2DADF4538F24}.Debug|x64.Build.0 = Debug|x64
		{591CF921-3027-4114-B062-2DADF4538F24}.Release|Any CPU.ActiveCfg = Release|Any CPU
		{591CF921-3027-4114-B062-2DADF4538F24}.Release|Any CPU.Build.0 = Release|Any CPU
		{591CF921-3027-4114-B062-2DADF4538F24}.Release|x64.ActiveCfg = Release|Any CPU
		{591CF921-3027-4114-B062-2DADF4538F24}.Release|x64.Build.0 = Release|Any CPU
		{591CF921-3027-4114-B062-2DADF4538F24}.Test|Any CPU.ActiveCfg = Release|Any CPU
		{591CF921-3027-4114-B062-2DADF4538F24}.Test|Any CPU.Build.0 = Release|Any CPU
		{591CF921-3027-4114-B062-2DADF4538F24}.Test|x64.ActiveCfg = Release|Any CPU
		{591CF921-3027-4114-B062-2DADF4538F24}.Test|x64.Build.0 = Release|Any CPU
		{540260B7-82B8-498E-B5E5-69ABE7A1BB1A}.Debug|Any CPU.ActiveCfg = Debug|Any CPU
		{540260B7-82B8-498E-B5E5-69ABE7A1BB1A}.Debug|Any CPU.Build.0 = Debug|Any CPU
		{540260B7-82B8-498E-B5E5-69ABE7A1BB1A}.Debug|x64.ActiveCfg = Debug|Any CPU
		{540260B7-82B8-498E-B5E5-69ABE7A1BB1A}.Debug|x64.Build.0 = Debug|Any CPU
		{540260B7-82B8-498E-B5E5-69ABE7A1BB1A}.Release|Any CPU.ActiveCfg = Release|Any CPU
		{540260B7-82B8-498E-B5E5-69ABE7A1BB1A}.Release|Any CPU.Build.0 = Release|Any CPU
		{540260B7-82B8-498E-B5E5-69ABE7A1BB1A}.Release|x64.ActiveCfg = Release|Any CPU
		{540260B7-82B8-498E-B5E5-69ABE7A1BB1A}.Release|x64.Build.0 = Release|Any CPU
		{540260B7-82B8-498E-B5E5-69ABE7A1BB1A}.Test|Any CPU.ActiveCfg = Release|Any CPU
		{540260B7-82B8-498E-B5E5-69ABE7A1BB1A}.Test|Any CPU.Build.0 = Release|Any CPU
		{540260B7-82B8-498E-B5E5-69ABE7A1BB1A}.Test|x64.ActiveCfg = Release|Any CPU
		{540260B7-82B8-498E-B5E5-69ABE7A1BB1A}.Test|x64.Build.0 = Release|Any CPU
		{61FEE5E9-E0C0-4893-957E-A7F5FE2492F5}.Debug|Any CPU.ActiveCfg = Debug|Any CPU
		{61FEE5E9-E0C0-4893-957E-A7F5FE2492F5}.Debug|Any CPU.Build.0 = Debug|Any CPU
		{61FEE5E9-E0C0-4893-957E-A7F5FE2492F5}.Debug|x64.ActiveCfg = Debug|Any CPU
		{61FEE5E9-E0C0-4893-957E-A7F5FE2492F5}.Debug|x64.Build.0 = Debug|Any CPU
		{61FEE5E9-E0C0-4893-957E-A7F5FE2492F5}.Release|Any CPU.ActiveCfg = Release|Any CPU
		{61FEE5E9-E0C0-4893-957E-A7F5FE2492F5}.Release|Any CPU.Build.0 = Release|Any CPU
		{61FEE5E9-E0C0-4893-957E-A7F5FE2492F5}.Release|x64.ActiveCfg = Release|Any CPU
		{61FEE5E9-E0C0-4893-957E-A7F5FE2492F5}.Release|x64.Build.0 = Release|Any CPU
		{61FEE5E9-E0C0-4893-957E-A7F5FE2492F5}.Test|Any CPU.ActiveCfg = Release|Any CPU
		{61FEE5E9-E0C0-4893-957E-A7F5FE2492F5}.Test|Any CPU.Build.0 = Release|Any CPU
		{61FEE5E9-E0C0-4893-957E-A7F5FE2492F5}.Test|x64.ActiveCfg = Release|Any CPU
		{61FEE5E9-E0C0-4893-957E-A7F5FE2492F5}.Test|x64.Build.0 = Release|Any CPU
	EndGlobalSection
	GlobalSection(SolutionProperties) = preSolution
		HideSolutionNode = FALSE
	EndGlobalSection
EndGlobal
