
Microsoft Visual Studio Solution File, Format Version 12.00
# Visual Studio 15
VisualStudioVersion = 15.0.26403.0
MinimumVisualStudioVersion = 10.0.40219.1
Project("{FAE04EC0-301F-11D3-BF4B-00C04F79EFBC}") = "TreasureHunter.SteamTrade", "SteamTrade\TreasureHunter.SteamTrade.csproj", "{BDA9A4A1-3B68-4F9E-BE97-E2C11263B14B}"
EndProject
Project("{FAE04EC0-301F-11D3-BF4B-00C04F79EFBC}") = "TreasureHunter.Service", "TreasureHunter.Service\TreasureHunter.Service.csproj", "{9CA83CFE-5702-4B97-BA53-98934AE3867A}"
EndProject
Project("{FAE04EC0-301F-11D3-BF4B-00C04F79EFBC}") = "TreasureHunter.Tests", "SteamTradeTests\TreasureHunter.Tests.csproj", "{6AA729F3-9779-470B-9613-0768E4FD2F51}"
EndProject
Project("{FAE04EC0-301F-11D3-BF4B-00C04F79EFBC}") = "TreasureHunter.ServiceHost", "TreasureHunter.ServiceHost\TreasureHunter.ServiceHost.csproj", "{C0970AC9-05CF-4CF7-B527-BAAD00277407}"
EndProject
Project("{FAE04EC0-301F-11D3-BF4B-00C04F79EFBC}") = "TreasureHunter.DataAccess", "TreasureHunter.DataAccess\TreasureHunter.DataAccess.csproj", "{61FEE5E9-E0C0-4893-957E-A7F5FE2492F5}"
EndProject
Project("{FAE04EC0-301F-11D3-BF4B-00C04F79EFBC}") = "TreasureHunter.Transaction", "TreasureHunter.Transaction\TreasureHunter.Transaction.csproj", "{5E7F26D9-EFF1-4FB6-B7AB-6FE909A0B59E}"
EndProject
Project("{FAE04EC0-301F-11D3-BF4B-00C04F79EFBC}") = "TreasureHunter.Contract", "TreasureHunter.Contract\TreasureHunter.Contract.csproj", "{EE650280-11E0-4A5F-B688-57979CC17622}"
EndProject
Project("{FAE04EC0-301F-11D3-BF4B-00C04F79EFBC}") = "TreasureHunter.Bot", "TreasureHunter.Bot\TreasureHunter.Bot.csproj", "{6EB4F300-53EE-4F08-831F-55D4EDD6806A}"
EndProject
Global
	GlobalSection(SolutionConfigurationPlatforms) = preSolution
		Debug|Any CPU = Debug|Any CPU
		Debug|x64 = Debug|x64
		Release|Any CPU = Release|Any CPU
		Release|x64 = Release|x64
		Test|Any CPU = Test|Any CPU
		Test|x64 = Test|x64
	EndGlobalSection
	GlobalSection(ProjectConfigurationPlatforms) = postSolution
		{BDA9A4A1-3B68-4F9E-BE97-E2C11263B14B}.Debug|Any CPU.ActiveCfg = Debug|x64
		{BDA9A4A1-3B68-4F9E-BE97-E2C11263B14B}.Debug|x64.ActiveCfg = Debug|x64
		{BDA9A4A1-3B68-4F9E-BE97-E2C11263B14B}.Debug|x64.Build.0 = Debug|x64
		{BDA9A4A1-3B68-4F9E-BE97-E2C11263B14B}.Release|Any CPU.ActiveCfg = Release|x64
		{BDA9A4A1-3B68-4F9E-BE97-E2C11263B14B}.Release|x64.ActiveCfg = Release|x64
		{BDA9A4A1-3B68-4F9E-BE97-E2C11263B14B}.Release|x64.Build.0 = Release|x64
		{BDA9A4A1-3B68-4F9E-BE97-E2C11263B14B}.Test|Any CPU.ActiveCfg = Release|x64
		{BDA9A4A1-3B68-4F9E-BE97-E2C11263B14B}.Test|Any CPU.Build.0 = Release|x64
		{BDA9A4A1-3B68-4F9E-BE97-E2C11263B14B}.Test|x64.ActiveCfg = Release|x64
		{BDA9A4A1-3B68-4F9E-BE97-E2C11263B14B}.Test|x64.Build.0 = Release|x64
		{9CA83CFE-5702-4B97-BA53-98934AE3867A}.Debug|Any CPU.ActiveCfg = Debug|x64
		{9CA83CFE-5702-4B97-BA53-98934AE3867A}.Debug|x64.ActiveCfg = Debug|x64
		{9CA83CFE-5702-4B97-BA53-98934AE3867A}.Debug|x64.Build.0 = Debug|x64
		{9CA83CFE-5702-4B97-BA53-98934AE3867A}.Release|Any CPU.ActiveCfg = Release|x64
		{9CA83CFE-5702-4B97-BA53-98934AE3867A}.Release|x64.ActiveCfg = Release|x64
		{9CA83CFE-5702-4B97-BA53-98934AE3867A}.Release|x64.Build.0 = Release|x64
		{9CA83CFE-5702-4B97-BA53-98934AE3867A}.Test|Any CPU.ActiveCfg = Release|x64
		{9CA83CFE-5702-4B97-BA53-98934AE3867A}.Test|x64.ActiveCfg = Release|x64
		{9CA83CFE-5702-4B97-BA53-98934AE3867A}.Test|x64.Build.0 = Release|x64
		{6AA729F3-9779-470B-9613-0768E4FD2F51}.Debug|Any CPU.ActiveCfg = Debug|Any CPU
		{6AA729F3-9779-470B-9613-0768E4FD2F51}.Debug|Any CPU.Build.0 = Debug|Any CPU
		{6AA729F3-9779-470B-9613-0768E4FD2F51}.Debug|x64.ActiveCfg = Debug|x64
		{6AA729F3-9779-470B-9613-0768E4FD2F51}.Debug|x64.Build.0 = Debug|x64
		{6AA729F3-9779-470B-9613-0768E4FD2F51}.Release|Any CPU.ActiveCfg = Release|Any CPU
		{6AA729F3-9779-470B-9613-0768E4FD2F51}.Release|Any CPU.Build.0 = Release|Any CPU
		{6AA729F3-9779-470B-9613-0768E4FD2F51}.Release|x64.ActiveCfg = Release|x64
		{6AA729F3-9779-470B-9613-0768E4FD2F51}.Release|x64.Build.0 = Release|x64
		{6AA729F3-9779-470B-9613-0768E4FD2F51}.Test|Any CPU.ActiveCfg = Release|Any CPU
		{6AA729F3-9779-470B-9613-0768E4FD2F51}.Test|Any CPU.Build.0 = Release|Any CPU
		{6AA729F3-9779-470B-9613-0768E4FD2F51}.Test|x64.ActiveCfg = Release|Any CPU
		{6AA729F3-9779-470B-9613-0768E4FD2F51}.Test|x64.Build.0 = Release|Any CPU
		{C0970AC9-05CF-4CF7-B527-BAAD00277407}.Debug|Any CPU.ActiveCfg = Debug|Any CPU
		{C0970AC9-05CF-4CF7-B527-BAAD00277407}.Debug|Any CPU.Build.0 = Debug|Any CPU
		{C0970AC9-05CF-4CF7-B527-BAAD00277407}.Debug|x64.ActiveCfg = Debug|x64
		{C0970AC9-05CF-4CF7-B527-BAAD00277407}.Debug|x64.Build.0 = Debug|x64
		{C0970AC9-05CF-4CF7-B527-BAAD00277407}.Release|Any CPU.ActiveCfg = Release|Any CPU
		{C0970AC9-05CF-4CF7-B527-BAAD00277407}.Release|Any CPU.Build.0 = Release|Any CPU
		{C0970AC9-05CF-4CF7-B527-BAAD00277407}.Release|x64.ActiveCfg = Release|x64
		{C0970AC9-05CF-4CF7-B527-BAAD00277407}.Release|x64.Build.0 = Release|x64
		{C0970AC9-05CF-4CF7-B527-BAAD00277407}.Test|Any CPU.ActiveCfg = Release|Any CPU
		{C0970AC9-05CF-4CF7-B527-BAAD00277407}.Test|Any CPU.Build.0 = Release|Any CPU
		{C0970AC9-05CF-4CF7-B527-BAAD00277407}.Test|x64.ActiveCfg = Release|Any CPU
		{C0970AC9-05CF-4CF7-B527-BAAD00277407}.Test|x64.Build.0 = Release|Any CPU
		{61FEE5E9-E0C0-4893-957E-A7F5FE2492F5}.Debug|Any CPU.ActiveCfg = Debug|Any CPU
		{61FEE5E9-E0C0-4893-957E-A7F5FE2492F5}.Debug|Any CPU.Build.0 = Debug|Any CPU
		{61FEE5E9-E0C0-4893-957E-A7F5FE2492F5}.Debug|x64.ActiveCfg = Debug|x64
		{61FEE5E9-E0C0-4893-957E-A7F5FE2492F5}.Debug|x64.Build.0 = Debug|x64
		{61FEE5E9-E0C0-4893-957E-A7F5FE2492F5}.Release|Any CPU.ActiveCfg = Release|Any CPU
		{61FEE5E9-E0C0-4893-957E-A7F5FE2492F5}.Release|Any CPU.Build.0 = Release|Any CPU
		{61FEE5E9-E0C0-4893-957E-A7F5FE2492F5}.Release|x64.ActiveCfg = Release|x64
		{61FEE5E9-E0C0-4893-957E-A7F5FE2492F5}.Release|x64.Build.0 = Release|x64
		{61FEE5E9-E0C0-4893-957E-A7F5FE2492F5}.Test|Any CPU.ActiveCfg = Release|Any CPU
		{61FEE5E9-E0C0-4893-957E-A7F5FE2492F5}.Test|Any CPU.Build.0 = Release|Any CPU
		{61FEE5E9-E0C0-4893-957E-A7F5FE2492F5}.Test|x64.ActiveCfg = Release|Any CPU
		{61FEE5E9-E0C0-4893-957E-A7F5FE2492F5}.Test|x64.Build.0 = Release|Any CPU
		{5E7F26D9-EFF1-4FB6-B7AB-6FE909A0B59E}.Debug|Any CPU.ActiveCfg = Debug|Any CPU
		{5E7F26D9-EFF1-4FB6-B7AB-6FE909A0B59E}.Debug|Any CPU.Build.0 = Debug|Any CPU
		{5E7F26D9-EFF1-4FB6-B7AB-6FE909A0B59E}.Debug|x64.ActiveCfg = Debug|x64
		{5E7F26D9-EFF1-4FB6-B7AB-6FE909A0B59E}.Debug|x64.Build.0 = Debug|x64
		{5E7F26D9-EFF1-4FB6-B7AB-6FE909A0B59E}.Release|Any CPU.ActiveCfg = Release|Any CPU
		{5E7F26D9-EFF1-4FB6-B7AB-6FE909A0B59E}.Release|Any CPU.Build.0 = Release|Any CPU
		{5E7F26D9-EFF1-4FB6-B7AB-6FE909A0B59E}.Release|x64.ActiveCfg = Release|x64
		{5E7F26D9-EFF1-4FB6-B7AB-6FE909A0B59E}.Release|x64.Build.0 = Release|x64
		{5E7F26D9-EFF1-4FB6-B7AB-6FE909A0B59E}.Test|Any CPU.ActiveCfg = Release|Any CPU
		{5E7F26D9-EFF1-4FB6-B7AB-6FE909A0B59E}.Test|Any CPU.Build.0 = Release|Any CPU
		{5E7F26D9-EFF1-4FB6-B7AB-6FE909A0B59E}.Test|x64.ActiveCfg = Release|Any CPU
		{5E7F26D9-EFF1-4FB6-B7AB-6FE909A0B59E}.Test|x64.Build.0 = Release|Any CPU
		{EE650280-11E0-4A5F-B688-57979CC17622}.Debug|Any CPU.ActiveCfg = Debug|Any CPU
		{EE650280-11E0-4A5F-B688-57979CC17622}.Debug|Any CPU.Build.0 = Debug|Any CPU
		{EE650280-11E0-4A5F-B688-57979CC17622}.Debug|x64.ActiveCfg = Debug|x64
		{EE650280-11E0-4A5F-B688-57979CC17622}.Debug|x64.Build.0 = Debug|x64
		{EE650280-11E0-4A5F-B688-57979CC17622}.Release|Any CPU.ActiveCfg = Release|Any CPU
		{EE650280-11E0-4A5F-B688-57979CC17622}.Release|Any CPU.Build.0 = Release|Any CPU
		{EE650280-11E0-4A5F-B688-57979CC17622}.Release|x64.ActiveCfg = Release|x64
		{EE650280-11E0-4A5F-B688-57979CC17622}.Release|x64.Build.0 = Release|x64
		{EE650280-11E0-4A5F-B688-57979CC17622}.Test|Any CPU.ActiveCfg = Release|Any CPU
		{EE650280-11E0-4A5F-B688-57979CC17622}.Test|Any CPU.Build.0 = Release|Any CPU
		{EE650280-11E0-4A5F-B688-57979CC17622}.Test|x64.ActiveCfg = Release|Any CPU
		{EE650280-11E0-4A5F-B688-57979CC17622}.Test|x64.Build.0 = Release|Any CPU
		{6EB4F300-53EE-4F08-831F-55D4EDD6806A}.Debug|Any CPU.ActiveCfg = Debug|Any CPU
		{6EB4F300-53EE-4F08-831F-55D4EDD6806A}.Debug|Any CPU.Build.0 = Debug|Any CPU
		{6EB4F300-53EE-4F08-831F-55D4EDD6806A}.Debug|x64.ActiveCfg = Debug|x64
		{6EB4F300-53EE-4F08-831F-55D4EDD6806A}.Debug|x64.Build.0 = Debug|x64
		{6EB4F300-53EE-4F08-831F-55D4EDD6806A}.Release|Any CPU.ActiveCfg = Release|Any CPU
		{6EB4F300-53EE-4F08-831F-55D4EDD6806A}.Release|Any CPU.Build.0 = Release|Any CPU
		{6EB4F300-53EE-4F08-831F-55D4EDD6806A}.Release|x64.ActiveCfg = Release|x64
		{6EB4F300-53EE-4F08-831F-55D4EDD6806A}.Release|x64.Build.0 = Release|x64
		{6EB4F300-53EE-4F08-831F-55D4EDD6806A}.Test|Any CPU.ActiveCfg = Release|Any CPU
		{6EB4F300-53EE-4F08-831F-55D4EDD6806A}.Test|Any CPU.Build.0 = Release|Any CPU
		{6EB4F300-53EE-4F08-831F-55D4EDD6806A}.Test|x64.ActiveCfg = Release|Any CPU
		{6EB4F300-53EE-4F08-831F-55D4EDD6806A}.Test|x64.Build.0 = Release|Any CPU
	EndGlobalSection
	GlobalSection(SolutionProperties) = preSolution
		HideSolutionNode = FALSE
	EndGlobalSection
EndGlobal
